
Microsoft Visual Studio Solution File, Format Version 12.00
# Visual Studio Version 17
VisualStudioVersion = 17.4.33213.308
MinimumVisualStudioVersion = 10.0.40219.1
Project("{FAE04EC0-301F-11D3-BF4B-00C04F79EFBC}") = "StringTask1", "StringTask1\StringTask1.csproj", "{0ACD257A-8802-4D5B-B5CD-CEBFDED5FE53}"
EndProject
Global
	GlobalSection(SolutionConfigurationPlatforms) = preSolution
		Debug|Any CPU = Debug|Any CPU
		Release|Any CPU = Release|Any CPU
	EndGlobalSection
	GlobalSection(ProjectConfigurationPlatforms) = postSolution
		{0ACD257A-8802-4D5B-B5CD-CEBFDED5FE53}.Debug|Any CPU.ActiveCfg = Debug|Any CPU
		{0ACD257A-8802-4D5B-B5CD-CEBFDED5FE53}.Debug|Any CPU.Build.0 = Debug|Any CPU
		{0ACD257A-8802-4D5B-B5CD-CEBFDED5FE53}.Release|Any CPU.ActiveCfg = Release|Any CPU
		{0ACD257A-8802-4D5B-B5CD-CEBFDED5FE53}.Release|Any CPU.Build.0 = Release|Any CPU
	EndGlobalSection
	GlobalSection(SolutionProperties) = preSolution
		HideSolutionNode = FALSE
	EndGlobalSection
	GlobalSection(ExtensibilityGlobals) = postSolution
		SolutionGuid = {15FF64DD-DF2B-4CED-890D-F4C8118BF0ED}
	EndGlobalSection
EndGlobal
